{
    "_readme": [
        "This file locks the dependencies of your project to a known state",
        "Read more about it at https://getcomposer.org/doc/01-basic-usage.md#composer-lock-the-lock-file",
        "This file is @generated automatically"
    ],
    "hash": "48f52e4eef2e9276abdcf0f847084927",
    "content-hash": "6014247deeb7967986a6653fc5903635",
    "packages": [
        {
            "name": "telabotanica/tb-auth-php",
            "version": "0.1.7",
            "source": {
                "type": "git",
                "url": "https://github.com/telabotanica/tb-auth-php.git",
                "reference": "235846889f89b45a920eabe8f65bfbede19ecf42"
            },
            "dist": {
                "type": "zip",
                "url": "https://api.github.com/repos/telabotanica/tb-auth-php/zipball/235846889f89b45a920eabe8f65bfbede19ecf42",
                "reference": "235846889f89b45a920eabe8f65bfbede19ecf42",
                "shasum": ""
            },
            "require": {
                "php": ">=5.3.0"
            },
            "type": "library",
            "autoload": {
                "psr-0": {
                    "AuthTB": ""
                }
            },
            "notification-url": "https://packagist.org/downloads/",
            "license": [
                "GPLv3"
            ],
            "authors": [
                {
                    "name": "Mathias Chouet",
                    "email": "mathias@tela-botanica.org"
                }
            ],
            "description": "A library that helps integrating your PHP software with Tela Botanica's SSO",
            "homepage": "https://github.com/telabotanica/tb-auth-php",
            "keywords": [
                "SSO",
                "tela botanica",
                "tela-botanica",
                "telabotanica"
            ],
            "time": "2017-01-27 11:29:25"
        },
        {
            "name": "telabotanica/tb-base-rest-service",
            "version": "0.1a",
            "source": {
                "type": "git",
                "url": "https://github.com/telabotanica/tb-base-rest-service-php.git",
                "reference": "e69c630d3c2b751e7e49647ce4e53e0894bff2de"
            },
            "dist": {
                "type": "zip",
                "url": "https://api.github.com/repos/telabotanica/tb-base-rest-service-php/zipball/e69c630d3c2b751e7e49647ce4e53e0894bff2de",
                "reference": "e69c630d3c2b751e7e49647ce4e53e0894bff2de",
                "shasum": ""
            },
            "require": {
                "php": ">=5.5.0"
            },
            "type": "library",
            "autoload": {
                "psr-0": {
                    "BaseRestServiceTB": ""
                }
            },
            "notification-url": "https://packagist.org/downloads/",
            "license": [
                "GPLv3"
            ],
            "authors": [
                {
                    "name": "Mathias Chouet",
                    "email": "mathias@tela-botanica.org"
                }
            ],
            "description": "A simple PHP class that helps building REST webservices",
            "homepage": "https://github.com/telabotanica/tb-base-rest-service",
            "keywords": [
                "rest",
                "tela botanica",
                "tela-botanica",
                "telabotanica",
                "webservice"
            ],
            "time": "2016-04-15 16:16:04"
        }
    ],
    "packages-dev": [],
    "aliases": [],
    "minimum-stability": "stable",
    "stability-flags": {
        "telabotanica/tb-base-rest-service": 15
    },
    "prefer-stable": false,
    "prefer-lowest": false,
    "platform": [],
    "platform-dev": []
}
